
Microsoft Visual Studio Solution File, Format Version 12.00
# Visual Studio Version 17
VisualStudioVersion = 17.0.31903.59
MinimumVisualStudioVersion = 10.0.40219.1
Project("{2150E333-8FDC-42A3-9474-1A3956D46DE8}") = "API", "API", "{C1F2F9E3-6D0D-4DD9-AE25-04B33423E645}"
EndProject
Project("{2150E333-8FDC-42A3-9474-1A3956D46DE8}") = "Web", "Web", "{4B241EC7-F9EA-4633-9886-753F7EF0DCFC}"
EndProject
Project("{FAE04EC0-301F-11D3-BF4B-00C04F79EFBC}") = "UT.API", "UT.API\UT.API.csproj", "{EB4F30B0-E90B-458B-9B81-06CDA8CFE2E7}"
EndProject
Project("{FAE04EC0-301F-11D3-BF4B-00C04F79EFBC}") = "UT.Components", "UT.Components\UT.Components.csproj", "{F850A457-9A30-48C5-804E-ED76EF692C24}"
EndProject
Project("{FAE04EC0-301F-11D3-BF4B-00C04F79EFBC}") = "UT.Web", "UT.Web\UT.Web.csproj", "{547DB97C-2249-43AA-ACD8-B9C51B2FDCDC}"
EndProject
Project("{2150E333-8FDC-42A3-9474-1A3956D46DE8}") = "Tests", "Tests", "{4F457499-72A7-437C-A8A0-01AA86DC3B6E}"
EndProject
Project("{FAE04EC0-301F-11D3-BF4B-00C04F79EFBC}") = "UT.Tests", "UT.Tests\UT.Tests.csproj", "{473FF65F-83BE-4DF0-9268-0E8C60348825}"
EndProject
Project("{FAE04EC0-301F-11D3-BF4B-00C04F79EFBC}") = "UT.API.Services", "UT.Services\UT.API.Services.csproj", "{43C3E4A3-43C0-4D01-A6B7-4A70E157363E}"
EndProject
Project("{2150E333-8FDC-42A3-9474-1A3956D46DE8}") = "Data", "Data", "{8DFBE6AE-8A99-4AB2-800B-F32E81572B9F}"
EndProject
Project("{FAE04EC0-301F-11D3-BF4B-00C04F79EFBC}") = "UT.Domain", "UT.Domain\UT.Domain.csproj", "{F545D64E-9F74-4CA8-9D29-13A1C7449E7C}"
EndProject
Project("{FAE04EC0-301F-11D3-BF4B-00C04F79EFBC}") = "UT.API.Models", "UT.Models\UT.API.Models.csproj", "{5733B364-CF24-4647-A990-4988CEEB6A77}"
EndProject
Project("{FAE04EC0-301F-11D3-BF4B-00C04F79EFBC}") = "UT.Repos", "Data\UT.DBRepos\UT.Repos.csproj", "{D4FFBC3D-DADC-44D7-ACE9-4B762365ED73}"
EndProject
Global
	GlobalSection(SolutionConfigurationPlatforms) = preSolution
		Debug|Any CPU = Debug|Any CPU
		Release|Any CPU = Release|Any CPU
	EndGlobalSection
	GlobalSection(ProjectConfigurationPlatforms) = postSolution
		{EB4F30B0-E90B-458B-9B81-06CDA8CFE2E7}.Debug|Any CPU.ActiveCfg = Debug|Any CPU
		{EB4F30B0-E90B-458B-9B81-06CDA8CFE2E7}.Debug|Any CPU.Build.0 = Debug|Any CPU
		{EB4F30B0-E90B-458B-9B81-06CDA8CFE2E7}.Release|Any CPU.ActiveCfg = Release|Any CPU
		{EB4F30B0-E90B-458B-9B81-06CDA8CFE2E7}.Release|Any CPU.Build.0 = Release|Any CPU
		{F850A457-9A30-48C5-804E-ED76EF692C24}.Debug|Any CPU.ActiveCfg = Debug|Any CPU
		{F850A457-9A30-48C5-804E-ED76EF692C24}.Debug|Any CPU.Build.0 = Debug|Any CPU
		{F850A457-9A30-48C5-804E-ED76EF692C24}.Release|Any CPU.ActiveCfg = Release|Any CPU
		{F850A457-9A30-48C5-804E-ED76EF692C24}.Release|Any CPU.Build.0 = Release|Any CPU
		{547DB97C-2249-43AA-ACD8-B9C51B2FDCDC}.Debug|Any CPU.ActiveCfg = Debug|Any CPU
		{547DB97C-2249-43AA-ACD8-B9C51B2FDCDC}.Debug|Any CPU.Build.0 = Debug|Any CPU
		{547DB97C-2249-43AA-ACD8-B9C51B2FDCDC}.Release|Any CPU.ActiveCfg = Release|Any CPU
		{547DB97C-2249-43AA-ACD8-B9C51B2FDCDC}.Release|Any CPU.Build.0 = Release|Any CPU
		{473FF65F-83BE-4DF0-9268-0E8C60348825}.Debug|Any CPU.ActiveCfg = Debug|Any CPU
		{473FF65F-83BE-4DF0-9268-0E8C60348825}.Debug|Any CPU.Build.0 = Debug|Any CPU
		{473FF65F-83BE-4DF0-9268-0E8C60348825}.Release|Any CPU.ActiveCfg = Release|Any CPU
		{473FF65F-83BE-4DF0-9268-0E8C60348825}.Release|Any CPU.Build.0 = Release|Any CPU
		{43C3E4A3-43C0-4D01-A6B7-4A70E157363E}.Debug|Any CPU.ActiveCfg = Debug|Any CPU
		{43C3E4A3-43C0-4D01-A6B7-4A70E157363E}.Debug|Any CPU.Build.0 = Debug|Any CPU
		{43C3E4A3-43C0-4D01-A6B7-4A70E157363E}.Release|Any CPU.ActiveCfg = Release|Any CPU
		{43C3E4A3-43C0-4D01-A6B7-4A70E157363E}.Release|Any CPU.Build.0 = Release|Any CPU
		{F545D64E-9F74-4CA8-9D29-13A1C7449E7C}.Debug|Any CPU.ActiveCfg = Debug|Any CPU
		{F545D64E-9F74-4CA8-9D29-13A1C7449E7C}.Debug|Any CPU.Build.0 = Debug|Any CPU
		{F545D64E-9F74-4CA8-9D29-13A1C7449E7C}.Release|Any CPU.ActiveCfg = Release|Any CPU
		{F545D64E-9F74-4CA8-9D29-13A1C7449E7C}.Release|Any CPU.Build.0 = Release|Any CPU
		{5733B364-CF24-4647-A990-4988CEEB6A77}.Debug|Any CPU.ActiveCfg = Debug|Any CPU
		{5733B364-CF24-4647-A990-4988CEEB6A77}.Debug|Any CPU.Build.0 = Debug|Any CPU
		{5733B364-CF24-4647-A990-4988CEEB6A77}.Release|Any CPU.ActiveCfg = Release|Any CPU
		{5733B364-CF24-4647-A990-4988CEEB6A77}.Release|Any CPU.Build.0 = Release|Any CPU
		{D4FFBC3D-DADC-44D7-ACE9-4B762365ED73}.Debug|Any CPU.ActiveCfg = Debug|Any CPU
		{D4FFBC3D-DADC-44D7-ACE9-4B762365ED73}.Debug|Any CPU.Build.0 = Debug|Any CPU
		{D4FFBC3D-DADC-44D7-ACE9-4B762365ED73}.Release|Any CPU.ActiveCfg = Release|Any CPU
		{D4FFBC3D-DADC-44D7-ACE9-4B762365ED73}.Release|Any CPU.Build.0 = Release|Any CPU
	EndGlobalSection
	GlobalSection(SolutionProperties) = preSolution
		HideSolutionNode = FALSE
	EndGlobalSection
	GlobalSection(NestedProjects) = preSolution
		{EB4F30B0-E90B-458B-9B81-06CDA8CFE2E7} = {C1F2F9E3-6D0D-4DD9-AE25-04B33423E645}
		{F850A457-9A30-48C5-804E-ED76EF692C24} = {4B241EC7-F9EA-4633-9886-753F7EF0DCFC}
		{547DB97C-2249-43AA-ACD8-B9C51B2FDCDC} = {4B241EC7-F9EA-4633-9886-753F7EF0DCFC}
		{473FF65F-83BE-4DF0-9268-0E8C60348825} = {4F457499-72A7-437C-A8A0-01AA86DC3B6E}
		{43C3E4A3-43C0-4D01-A6B7-4A70E157363E} = {C1F2F9E3-6D0D-4DD9-AE25-04B33423E645}
		{F545D64E-9F74-4CA8-9D29-13A1C7449E7C} = {8DFBE6AE-8A99-4AB2-800B-F32E81572B9F}
		{5733B364-CF24-4647-A990-4988CEEB6A77} = {C1F2F9E3-6D0D-4DD9-AE25-04B33423E645}
		{D4FFBC3D-DADC-44D7-ACE9-4B762365ED73} = {8DFBE6AE-8A99-4AB2-800B-F32E81572B9F}
	EndGlobalSection
EndGlobal
